
Microsoft Visual Studio Solution File, Format Version 12.00
# Visual Studio Version 17
VisualStudioVersion = 17.12.35527.113
MinimumVisualStudioVersion = 10.0.40219.1
Project("{2150E333-8FDC-42A3-9474-1A3956D46DE8}") = "Task0", "Task0", "{604C5AFD-F6C5-4A8A-A319-D26981E1D51B}"
EndProject
Project("{FAE04EC0-301F-11D3-BF4B-00C04F79EFBC}") = "Tyuiu.FilimonchukED.Sprint5.Task0.V3", "Tyuiu.FilimonchukED.Sprint5.Task0.V3\Tyuiu.FilimonchukED.Sprint5.Task0.V3.csproj", "{5F3CDE3F-5604-4D64-996C-68AECB3FE1F5}"
EndProject
Project("{FAE04EC0-301F-11D3-BF4B-00C04F79EFBC}") = "Tyuiu.FilimonchukED.Sprint5.Task0.V3.Lib", "Tyuiu.FilimonchukED.Sprint5.Task0.V3.Lib\Tyuiu.FilimonchukED.Sprint5.Task0.V3.Lib.csproj", "{DB6FAF79-E8F4-4CB9-A37A-769D4660157E}"
EndProject
Project("{FAE04EC0-301F-11D3-BF4B-00C04F79EFBC}") = "Tyuiu.FilimonchukED.Sprint5.Task0.V3.Test", "Tyuiu.FilimonchukED.Sprint5.Task0.V3.Test\Tyuiu.FilimonchukED.Sprint5.Task0.V3.Test.csproj", "{8D4B5DF0-AD40-43AF-8006-12B2C5A207E4}"
EndProject
Project("{2150E333-8FDC-42A3-9474-1A3956D46DE8}") = "Task1", "Task1", "{BF1CE4F1-7A81-4070-88E0-F8DA0F10F1AF}"
EndProject
Project("{FAE04EC0-301F-11D3-BF4B-00C04F79EFBC}") = "Tyuiu.FilimonchukED.Sprint5.Task1.V15", "Tyuiu.FilimonchukED.Sprint5.Task1.V15\Tyuiu.FilimonchukED.Sprint5.Task1.V15.csproj", "{23465448-51D5-4ECA-89DF-D64F0EE3BD65}"
EndProject
Project("{FAE04EC0-301F-11D3-BF4B-00C04F79EFBC}") = "Tyuiu.FilimonchukED.Sprint5.Task1.V15.Lib", "Tyuiu.FilimonchukED.Sprint5.Task1.V15.Lib\Tyuiu.FilimonchukED.Sprint5.Task1.V15.Lib.csproj", "{F7BBD33C-2BE1-4A3F-9D79-75C59C6347EA}"
EndProject
Project("{FAE04EC0-301F-11D3-BF4B-00C04F79EFBC}") = "Tyuiu.FilimonchukED.Sprint5.Task1.V15.Test", "Tyuiu.FilimonchukED.Sprint5.Task1.V15.Test\Tyuiu.FilimonchukED.Sprint5.Task1.V15.Test.csproj", "{116050E9-98C9-4586-A478-60D4C90D4F7A}"
EndProject
Project("{2150E333-8FDC-42A3-9474-1A3956D46DE8}") = "Task2", "Task2", "{BD41C406-A028-4929-A97F-C27E4FA270CB}"
EndProject
Project("{FAE04EC0-301F-11D3-BF4B-00C04F79EFBC}") = "Tyuiu.FilimonchukED.Sprint5.Task2.V3", "Tyuiu.FilimonchukED.Sprint5.Task2.V3\Tyuiu.FilimonchukED.Sprint5.Task2.V3.csproj", "{50BABE99-74B0-46F7-9FFA-A0736B2A6823}"
EndProject
Project("{FAE04EC0-301F-11D3-BF4B-00C04F79EFBC}") = "Tyuiu.FilimonchukED.Sprint5.Task2.V3.Lib", "Tyuiu.FilimonchukED.Sprint5.Task2.V3.Lib\Tyuiu.FilimonchukED.Sprint5.Task2.V3.Lib.csproj", "{24D4F0DE-FAA9-4D07-823C-07930B6A65A0}"
EndProject
Project("{FAE04EC0-301F-11D3-BF4B-00C04F79EFBC}") = "Tyuiu.FilimonchukED.Sprint5.Task2.V3.Test", "Tyuiu.FilimonchukED.Sprint5.Task2.V3.Test\Tyuiu.FilimonchukED.Sprint5.Task2.V3.Test.csproj", "{D1948CF4-180C-4A78-9ACE-AC27956EFF1D}"
EndProject
Project("{2150E333-8FDC-42A3-9474-1A3956D46DE8}") = "Task3", "Task3", "{84AFE8DB-E906-4B3C-83B9-004EF13321C0}"
EndProject
Project("{FAE04EC0-301F-11D3-BF4B-00C04F79EFBC}") = "Tyuiu.FilimonchukED.Sprint5.Task3.V14", "Tyuiu.FilimonchukED.Sprint5.Task3.V14\Tyuiu.FilimonchukED.Sprint5.Task3.V14.csproj", "{C3D9D882-6D91-478F-8870-EF91B97C9703}"
EndProject
Project("{FAE04EC0-301F-11D3-BF4B-00C04F79EFBC}") = "Tyuiu.FilimonchukED.Sprint5.Task3.V14.Lib", "Tyuiu.FilimonchukED.Sprint5.Task3.V14.Lib\Tyuiu.FilimonchukED.Sprint5.Task3.V14.Lib.csproj", "{96290382-8181-4232-915F-F268F75C30D2}"
EndProject
Project("{FAE04EC0-301F-11D3-BF4B-00C04F79EFBC}") = "Tyuiu.FilimonchukED.Sprint5.Task3.V14.Test", "Tyuiu.FilimonchukED.Sprint5.Task3.V14.Test\Tyuiu.FilimonchukED.Sprint5.Task3.V14.Test.csproj", "{55DD1E9B-817D-4BFC-8908-DE94736AA840}"
EndProject
Project("{2150E333-8FDC-42A3-9474-1A3956D46DE8}") = "SprintReview", "SprintReview", "{D8202D68-2589-447F-A7CA-233BB59385EC}"
EndProject
Project("{FAE04EC0-301F-11D3-BF4B-00C04F79EFBC}") = "Tyuiu.FilimonchukED.Sprint5.Review.V14", "Tyuiu.FilimonchukED.Sprint5.Review.V14\Tyuiu.FilimonchukED.Sprint5.Review.V14.csproj", "{9DD1F98E-31E1-4576-BCDE-EC50D17BBEA9}"
EndProject
Project("{FAE04EC0-301F-11D3-BF4B-00C04F79EFBC}") = "Tyuiu.FilimonchukED.Sprint5.Review.V14.Lib", "Tyuiu.FilimonchukED.Sprint5.Review.V14.Lib\Tyuiu.FilimonchukED.Sprint5.Review.V14.Lib.csproj", "{FD8DB03B-252B-4F2C-8971-D9D421C58A37}"
EndProject
Project("{FAE04EC0-301F-11D3-BF4B-00C04F79EFBC}") = "Tyuiu.FilimonchukED.Sprint5.Review.V14.Test", "Tyuiu.FilimonchukED.Sprint5.Review.V14.Test\Tyuiu.FilimonchukED.Sprint5.Review.V14.Test.csproj", "{DCC47D5F-2583-488A-B664-11403EBCBEA5}"
EndProject
Project("{2150E333-8FDC-42A3-9474-1A3956D46DE8}") = "Task4", "Task4", "{4F3494C4-3AAA-404D-8BE3-CC31A208B7AC}"
EndProject
Project("{FAE04EC0-301F-11D3-BF4B-00C04F79EFBC}") = "Tyuiu.FilimonchukED.Sprint5.Task4.V17.Lib", "Tyuiu.FilimonchukED.Sprint5.Task4.V17.Lib\Tyuiu.FilimonchukED.Sprint5.Task4.V17.Lib.csproj", "{C1560EAB-A631-417B-9E77-86E4492F42EA}"
EndProject
Project("{FAE04EC0-301F-11D3-BF4B-00C04F79EFBC}") = "Tyuiu.FilimonchukED.Sprint5.Task4.V17", "Tyuiu.FilimonchukED.Sprint5.Task4.V17\Tyuiu.FilimonchukED.Sprint5.Task4.V17.csproj", "{722F0068-736B-431B-B797-CD5C38FA6AAA}"
EndProject
Project("{FAE04EC0-301F-11D3-BF4B-00C04F79EFBC}") = "Tyuiu.FilimonchukED.Sprint5.Task4.V17.Test", "Tyuiu.FilimonchukED.Sprint5.Task4.V17.Test\Tyuiu.FilimonchukED.Sprint5.Task4.V17.Test.csproj", "{3CB55B90-8E4C-44F8-9D14-B932D75DF86A}"
EndProject
Project("{2150E333-8FDC-42A3-9474-1A3956D46DE8}") = "Task5", "Task5", "{4981F469-EA79-4504-8D4F-1948D0FA00CD}"
EndProject
Project("{FAE04EC0-301F-11D3-BF4B-00C04F79EFBC}") = "Tyuiu.FilimonchukED.Sprint5.Task5.V6", "Tyuiu.FilimonchukED.Sprint5.Task5.V6\Tyuiu.FilimonchukED.Sprint5.Task5.V6.csproj", "{06CE5960-A368-43E7-86FE-B3C76AA1CBEF}"
EndProject
Project("{FAE04EC0-301F-11D3-BF4B-00C04F79EFBC}") = "Tyuiu.FilimonchukED.Sprint5.Task5.V6.Lib", "Tyuiu.FilimonchukED.Sprint5.Task5.V6.Lib\Tyuiu.FilimonchukED.Sprint5.Task5.V6.Lib.csproj", "{4EACA683-ED95-4991-A02D-55E55CC536C5}"
EndProject
Project("{FAE04EC0-301F-11D3-BF4B-00C04F79EFBC}") = "Tyuiu.FilimonchukED.Sprint5.Task5.V6.Test", "Tyuiu.FilimonchukED.Sprint5.Task5.V6.Test\Tyuiu.FilimonchukED.Sprint5.Task5.V6.Test.csproj", "{0A322892-5157-4FC8-A484-1169230B50A0}"
EndProject
Project("{2150E333-8FDC-42A3-9474-1A3956D46DE8}") = "Task6", "Task6", "{7FA7EF85-FF42-4AFE-90FF-FC6A9255C7DA}"
EndProject
Project("{FAE04EC0-301F-11D3-BF4B-00C04F79EFBC}") = "Tyuiu.FilimonchukED.Sprint5.Task6.V7", "Tyuiu.FilimonchukED.Sprint5.Task6.V7\Tyuiu.FilimonchukED.Sprint5.Task6.V7.csproj", "{941FA03B-F3FF-42B6-A6EB-9223D53CD727}"
EndProject
Project("{FAE04EC0-301F-11D3-BF4B-00C04F79EFBC}") = "Tyuiu.FilimonchukED.Sprint5.Task6.V7.Lib", "Tyuiu.FilimonchukED.Sprint5.Task6.V7.Lib\Tyuiu.FilimonchukED.Sprint5.Task6.V7.Lib.csproj", "{0DFC9151-6399-430D-8F30-551075CB9968}"
EndProject
Project("{FAE04EC0-301F-11D3-BF4B-00C04F79EFBC}") = "Tyuiu.FilimonchukED.Sprint5.Task6.V7.Test", "Tyuiu.FilimonchukED.Sprint5.Task6.V7.Test\Tyuiu.FilimonchukED.Sprint5.Task6.V7.Test.csproj", "{80ECCF76-4454-422D-AAE5-F30EDBD5B28D}"
EndProject
Global
	GlobalSection(SolutionConfigurationPlatforms) = preSolution
		Debug|Any CPU = Debug|Any CPU
		Release|Any CPU = Release|Any CPU
	EndGlobalSection
	GlobalSection(ProjectConfigurationPlatforms) = postSolution
		{5F3CDE3F-5604-4D64-996C-68AECB3FE1F5}.Debug|Any CPU.ActiveCfg = Debug|Any CPU
		{5F3CDE3F-5604-4D64-996C-68AECB3FE1F5}.Debug|Any CPU.Build.0 = Debug|Any CPU
		{5F3CDE3F-5604-4D64-996C-68AECB3FE1F5}.Release|Any CPU.ActiveCfg = Release|Any CPU
		{5F3CDE3F-5604-4D64-996C-68AECB3FE1F5}.Release|Any CPU.Build.0 = Release|Any CPU
		{DB6FAF79-E8F4-4CB9-A37A-769D4660157E}.Debug|Any CPU.ActiveCfg = Debug|Any CPU
		{DB6FAF79-E8F4-4CB9-A37A-769D4660157E}.Debug|Any CPU.Build.0 = Debug|Any CPU
		{DB6FAF79-E8F4-4CB9-A37A-769D4660157E}.Release|Any CPU.ActiveCfg = Release|Any CPU
		{DB6FAF79-E8F4-4CB9-A37A-769D4660157E}.Release|Any CPU.Build.0 = Release|Any CPU
		{8D4B5DF0-AD40-43AF-8006-12B2C5A207E4}.Debug|Any CPU.ActiveCfg = Debug|Any CPU
		{8D4B5DF0-AD40-43AF-8006-12B2C5A207E4}.Debug|Any CPU.Build.0 = Debug|Any CPU
		{8D4B5DF0-AD40-43AF-8006-12B2C5A207E4}.Release|Any CPU.ActiveCfg = Release|Any CPU
		{8D4B5DF0-AD40-43AF-8006-12B2C5A207E4}.Release|Any CPU.Build.0 = Release|Any CPU
		{23465448-51D5-4ECA-89DF-D64F0EE3BD65}.Debug|Any CPU.ActiveCfg = Debug|Any CPU
		{23465448-51D5-4ECA-89DF-D64F0EE3BD65}.Debug|Any CPU.Build.0 = Debug|Any CPU
		{23465448-51D5-4ECA-89DF-D64F0EE3BD65}.Release|Any CPU.ActiveCfg = Release|Any CPU
		{23465448-51D5-4ECA-89DF-D64F0EE3BD65}.Release|Any CPU.Build.0 = Release|Any CPU
		{F7BBD33C-2BE1-4A3F-9D79-75C59C6347EA}.Debug|Any CPU.ActiveCfg = Debug|Any CPU
		{F7BBD33C-2BE1-4A3F-9D79-75C59C6347EA}.Debug|Any CPU.Build.0 = Debug|Any CPU
		{F7BBD33C-2BE1-4A3F-9D79-75C59C6347EA}.Release|Any CPU.ActiveCfg = Release|Any CPU
		{F7BBD33C-2BE1-4A3F-9D79-75C59C6347EA}.Release|Any CPU.Build.0 = Release|Any CPU
		{116050E9-98C9-4586-A478-60D4C90D4F7A}.Debug|Any CPU.ActiveCfg = Debug|Any CPU
		{116050E9-98C9-4586-A478-60D4C90D4F7A}.Debug|Any CPU.Build.0 = Debug|Any CPU
		{116050E9-98C9-4586-A478-60D4C90D4F7A}.Release|Any CPU.ActiveCfg = Release|Any CPU
		{116050E9-98C9-4586-A478-60D4C90D4F7A}.Release|Any CPU.Build.0 = Release|Any CPU
		{50BABE99-74B0-46F7-9FFA-A0736B2A6823}.Debug|Any CPU.ActiveCfg = Debug|Any CPU
		{50BABE99-74B0-46F7-9FFA-A0736B2A6823}.Debug|Any CPU.Build.0 = Debug|Any CPU
		{50BABE99-74B0-46F7-9FFA-A0736B2A6823}.Release|Any CPU.ActiveCfg = Release|Any CPU
		{50BABE99-74B0-46F7-9FFA-A0736B2A6823}.Release|Any CPU.Build.0 = Release|Any CPU
		{24D4F0DE-FAA9-4D07-823C-07930B6A65A0}.Debug|Any CPU.ActiveCfg = Debug|Any CPU
		{24D4F0DE-FAA9-4D07-823C-07930B6A65A0}.Debug|Any CPU.Build.0 = Debug|Any CPU
		{24D4F0DE-FAA9-4D07-823C-07930B6A65A0}.Release|Any CPU.ActiveCfg = Release|Any CPU
		{24D4F0DE-FAA9-4D07-823C-07930B6A65A0}.Release|Any CPU.Build.0 = Release|Any CPU
		{D1948CF4-180C-4A78-9ACE-AC27956EFF1D}.Debug|Any CPU.ActiveCfg = Debug|Any CPU
		{D1948CF4-180C-4A78-9ACE-AC27956EFF1D}.Debug|Any CPU.Build.0 = Debug|Any CPU
		{D1948CF4-180C-4A78-9ACE-AC27956EFF1D}.Release|Any CPU.ActiveCfg = Release|Any CPU
		{D1948CF4-180C-4A78-9ACE-AC27956EFF1D}.Release|Any CPU.Build.0 = Release|Any CPU
		{C3D9D882-6D91-478F-8870-EF91B97C9703}.Debug|Any CPU.ActiveCfg = Debug|Any CPU
		{C3D9D882-6D91-478F-8870-EF91B97C9703}.Debug|Any CPU.Build.0 = Debug|Any CPU
		{C3D9D882-6D91-478F-8870-EF91B97C9703}.Release|Any CPU.ActiveCfg = Release|Any CPU
		{C3D9D882-6D91-478F-8870-EF91B97C9703}.Release|Any CPU.Build.0 = Release|Any CPU
		{96290382-8181-4232-915F-F268F75C30D2}.Debug|Any CPU.ActiveCfg = Debug|Any CPU
		{96290382-8181-4232-915F-F268F75C30D2}.Debug|Any CPU.Build.0 = Debug|Any CPU
		{96290382-8181-4232-915F-F268F75C30D2}.Release|Any CPU.ActiveCfg = Release|Any CPU
		{96290382-8181-4232-915F-F268F75C30D2}.Release|Any CPU.Build.0 = Release|Any CPU
		{55DD1E9B-817D-4BFC-8908-DE94736AA840}.Debug|Any CPU.ActiveCfg = Debug|Any CPU
		{55DD1E9B-817D-4BFC-8908-DE94736AA840}.Debug|Any CPU.Build.0 = Debug|Any CPU
		{55DD1E9B-817D-4BFC-8908-DE94736AA840}.Release|Any CPU.ActiveCfg = Release|Any CPU
		{55DD1E9B-817D-4BFC-8908-DE94736AA840}.Release|Any CPU.Build.0 = Release|Any CPU
		{9DD1F98E-31E1-4576-BCDE-EC50D17BBEA9}.Debug|Any CPU.ActiveCfg = Debug|Any CPU
		{9DD1F98E-31E1-4576-BCDE-EC50D17BBEA9}.Debug|Any CPU.Build.0 = Debug|Any CPU
		{9DD1F98E-31E1-4576-BCDE-EC50D17BBEA9}.Release|Any CPU.ActiveCfg = Release|Any CPU
		{9DD1F98E-31E1-4576-BCDE-EC50D17BBEA9}.Release|Any CPU.Build.0 = Release|Any CPU
		{FD8DB03B-252B-4F2C-8971-D9D421C58A37}.Debug|Any CPU.ActiveCfg = Debug|Any CPU
		{FD8DB03B-252B-4F2C-8971-D9D421C58A37}.Debug|Any CPU.Build.0 = Debug|Any CPU
		{FD8DB03B-252B-4F2C-8971-D9D421C58A37}.Release|Any CPU.ActiveCfg = Release|Any CPU
		{FD8DB03B-252B-4F2C-8971-D9D421C58A37}.Release|Any CPU.Build.0 = Release|Any CPU
		{DCC47D5F-2583-488A-B664-11403EBCBEA5}.Debug|Any CPU.ActiveCfg = Debug|Any CPU
		{DCC47D5F-2583-488A-B664-11403EBCBEA5}.Debug|Any CPU.Build.0 = Debug|Any CPU
		{DCC47D5F-2583-488A-B664-11403EBCBEA5}.Release|Any CPU.ActiveCfg = Release|Any CPU
		{DCC47D5F-2583-488A-B664-11403EBCBEA5}.Release|Any CPU.Build.0 = Release|Any CPU
		{C1560EAB-A631-417B-9E77-86E4492F42EA}.Debug|Any CPU.ActiveCfg = Debug|Any CPU
		{C1560EAB-A631-417B-9E77-86E4492F42EA}.Debug|Any CPU.Build.0 = Debug|Any CPU
		{C1560EAB-A631-417B-9E77-86E4492F42EA}.Release|Any CPU.ActiveCfg = Release|Any CPU
		{C1560EAB-A631-417B-9E77-86E4492F42EA}.Release|Any CPU.Build.0 = Release|Any CPU
		{722F0068-736B-431B-B797-CD5C38FA6AAA}.Debug|Any CPU.ActiveCfg = Debug|Any CPU
		{722F0068-736B-431B-B797-CD5C38FA6AAA}.Debug|Any CPU.Build.0 = Debug|Any CPU
		{722F0068-736B-431B-B797-CD5C38FA6AAA}.Release|Any CPU.ActiveCfg = Release|Any CPU
		{722F0068-736B-431B-B797-CD5C38FA6AAA}.Release|Any CPU.Build.0 = Release|Any CPU
		{3CB55B90-8E4C-44F8-9D14-B932D75DF86A}.Debug|Any CPU.ActiveCfg = Debug|Any CPU
		{3CB55B90-8E4C-44F8-9D14-B932D75DF86A}.Debug|Any CPU.Build.0 = Debug|Any CPU
		{3CB55B90-8E4C-44F8-9D14-B932D75DF86A}.Release|Any CPU.ActiveCfg = Release|Any CPU
		{3CB55B90-8E4C-44F8-9D14-B932D75DF86A}.Release|Any CPU.Build.0 = Release|Any CPU
		{06CE5960-A368-43E7-86FE-B3C76AA1CBEF}.Debug|Any CPU.ActiveCfg = Debug|Any CPU
		{06CE5960-A368-43E7-86FE-B3C76AA1CBEF}.Debug|Any CPU.Build.0 = Debug|Any CPU
		{06CE5960-A368-43E7-86FE-B3C76AA1CBEF}.Release|Any CPU.ActiveCfg = Release|Any CPU
		{06CE5960-A368-43E7-86FE-B3C76AA1CBEF}.Release|Any CPU.Build.0 = Release|Any CPU
		{4EACA683-ED95-4991-A02D-55E55CC536C5}.Debug|Any CPU.ActiveCfg = Debug|Any CPU
		{4EACA683-ED95-4991-A02D-55E55CC536C5}.Debug|Any CPU.Build.0 = Debug|Any CPU
		{4EACA683-ED95-4991-A02D-55E55CC536C5}.Release|Any CPU.ActiveCfg = Release|Any CPU
		{4EACA683-ED95-4991-A02D-55E55CC536C5}.Release|Any CPU.Build.0 = Release|Any CPU
		{0A322892-5157-4FC8-A484-1169230B50A0}.Debug|Any CPU.ActiveCfg = Debug|Any CPU
		{0A322892-5157-4FC8-A484-1169230B50A0}.Debug|Any CPU.Build.0 = Debug|Any CPU
		{0A322892-5157-4FC8-A484-1169230B50A0}.Release|Any CPU.ActiveCfg = Release|Any CPU
		{0A322892-5157-4FC8-A484-1169230B50A0}.Release|Any CPU.Build.0 = Release|Any CPU
		{941FA03B-F3FF-42B6-A6EB-9223D53CD727}.Debug|Any CPU.ActiveCfg = Debug|Any CPU
		{941FA03B-F3FF-42B6-A6EB-9223D53CD727}.Debug|Any CPU.Build.0 = Debug|Any CPU
		{941FA03B-F3FF-42B6-A6EB-9223D53CD727}.Release|Any CPU.ActiveCfg = Release|Any CPU
		{941FA03B-F3FF-42B6-A6EB-9223D53CD727}.Release|Any CPU.Build.0 = Release|Any CPU
		{0DFC9151-6399-430D-8F30-551075CB9968}.Debug|Any CPU.ActiveCfg = Debug|Any CPU
		{0DFC9151-6399-430D-8F30-551075CB9968}.Debug|Any CPU.Build.0 = Debug|Any CPU
		{0DFC9151-6399-430D-8F30-551075CB9968}.Release|Any CPU.ActiveCfg = Release|Any CPU
		{0DFC9151-6399-430D-8F30-551075CB9968}.Release|Any CPU.Build.0 = Release|Any CPU
		{80ECCF76-4454-422D-AAE5-F30EDBD5B28D}.Debug|Any CPU.ActiveCfg = Debug|Any CPU
		{80ECCF76-4454-422D-AAE5-F30EDBD5B28D}.Debug|Any CPU.Build.0 = Debug|Any CPU
		{80ECCF76-4454-422D-AAE5-F30EDBD5B28D}.Release|Any CPU.ActiveCfg = Release|Any CPU
		{80ECCF76-4454-422D-AAE5-F30EDBD5B28D}.Release|Any CPU.Build.0 = Release|Any CPU
	EndGlobalSection
	GlobalSection(SolutionProperties) = preSolution
		HideSolutionNode = FALSE
	EndGlobalSection
	GlobalSection(NestedProjects) = preSolution
		{5F3CDE3F-5604-4D64-996C-68AECB3FE1F5} = {604C5AFD-F6C5-4A8A-A319-D26981E1D51B}
		{DB6FAF79-E8F4-4CB9-A37A-769D4660157E} = {604C5AFD-F6C5-4A8A-A319-D26981E1D51B}
		{8D4B5DF0-AD40-43AF-8006-12B2C5A207E4} = {604C5AFD-F6C5-4A8A-A319-D26981E1D51B}
		{23465448-51D5-4ECA-89DF-D64F0EE3BD65} = {BF1CE4F1-7A81-4070-88E0-F8DA0F10F1AF}
		{F7BBD33C-2BE1-4A3F-9D79-75C59C6347EA} = {BF1CE4F1-7A81-4070-88E0-F8DA0F10F1AF}
		{116050E9-98C9-4586-A478-60D4C90D4F7A} = {BF1CE4F1-7A81-4070-88E0-F8DA0F10F1AF}
		{50BABE99-74B0-46F7-9FFA-A0736B2A6823} = {BD41C406-A028-4929-A97F-C27E4FA270CB}
		{24D4F0DE-FAA9-4D07-823C-07930B6A65A0} = {BD41C406-A028-4929-A97F-C27E4FA270CB}
		{D1948CF4-180C-4A78-9ACE-AC27956EFF1D} = {BD41C406-A028-4929-A97F-C27E4FA270CB}
		{C3D9D882-6D91-478F-8870-EF91B97C9703} = {84AFE8DB-E906-4B3C-83B9-004EF13321C0}
		{96290382-8181-4232-915F-F268F75C30D2} = {84AFE8DB-E906-4B3C-83B9-004EF13321C0}
		{55DD1E9B-817D-4BFC-8908-DE94736AA840} = {84AFE8DB-E906-4B3C-83B9-004EF13321C0}
		{9DD1F98E-31E1-4576-BCDE-EC50D17BBEA9} = {D8202D68-2589-447F-A7CA-233BB59385EC}
		{FD8DB03B-252B-4F2C-8971-D9D421C58A37} = {D8202D68-2589-447F-A7CA-233BB59385EC}
		{DCC47D5F-2583-488A-B664-11403EBCBEA5} = {D8202D68-2589-447F-A7CA-233BB59385EC}
		{C1560EAB-A631-417B-9E77-86E4492F42EA} = {4F3494C4-3AAA-404D-8BE3-CC31A208B7AC}
		{722F0068-736B-431B-B797-CD5C38FA6AAA} = {4F3494C4-3AAA-404D-8BE3-CC31A208B7AC}
		{3CB55B90-8E4C-44F8-9D14-B932D75DF86A} = {4F3494C4-3AAA-404D-8BE3-CC31A208B7AC}
		{06CE5960-A368-43E7-86FE-B3C76AA1CBEF} = {4981F469-EA79-4504-8D4F-1948D0FA00CD}
		{4EACA683-ED95-4991-A02D-55E55CC536C5} = {4981F469-EA79-4504-8D4F-1948D0FA00CD}
		{0A322892-5157-4FC8-A484-1169230B50A0} = {4981F469-EA79-4504-8D4F-1948D0FA00CD}
		{941FA03B-F3FF-42B6-A6EB-9223D53CD727} = {7FA7EF85-FF42-4AFE-90FF-FC6A9255C7DA}
		{0DFC9151-6399-430D-8F30-551075CB9968} = {7FA7EF85-FF42-4AFE-90FF-FC6A9255C7DA}
		{80ECCF76-4454-422D-AAE5-F30EDBD5B28D} = {7FA7EF85-FF42-4AFE-90FF-FC6A9255C7DA}
	EndGlobalSection
EndGlobal
